
Microsoft Visual Studio Solution File, Format Version 12.00
# Visual Studio Version 16
VisualStudioVersion = 16.0.30717.126
MinimumVisualStudioVersion = 10.0.40219.1
Project("{9A19103F-16F7-4668-BE54-9A1E7A4F7556}") = "BookCatalogApriorit", "BookCatalogApriorit.csproj", "{A25ABE0E-E41A-4A97-AD43-ECC2B4AAAECF}"
EndProject
Global
	GlobalSection(SolutionConfigurationPlatforms) = preSolution
		Debug|Any CPU = Debug|Any CPU
		Release|Any CPU = Release|Any CPU
	EndGlobalSection
	GlobalSection(ProjectConfigurationPlatforms) = postSolution
		{A25ABE0E-E41A-4A97-AD43-ECC2B4AAAECF}.Debug|Any CPU.ActiveCfg = Debug|Any CPU
		{A25ABE0E-E41A-4A97-AD43-ECC2B4AAAECF}.Debug|Any CPU.Build.0 = Debug|Any CPU
		{A25ABE0E-E41A-4A97-AD43-ECC2B4AAAECF}.Release|Any CPU.ActiveCfg = Release|Any CPU
		{A25ABE0E-E41A-4A97-AD43-ECC2B4AAAECF}.Release|Any CPU.Build.0 = Release|Any CPU
	EndGlobalSection
	GlobalSection(SolutionProperties) = preSolution
		HideSolutionNode = FALSE
	EndGlobalSection
	GlobalSection(ExtensibilityGlobals) = postSolution
		SolutionGuid = {CF7D7B24-D4A6-4F91-8089-27032BF77E5D}
	EndGlobalSection
EndGlobal
